// !$*UTF8*$!
{
	archiveVersion = 1;
	classes = {
	};
	objectVersion = 56;
	objects = {

/* Begin PBXBuildFile section */
		983835D92C7B368800983014 /* main.swift in Sources */ = {isa = PBXBuildFile; fileRef = 983835D82C7B368800983014 /* main.swift */; };
		983835FA2C7B3E3D00983014 /* IBarista.swift in Sources */ = {isa = PBXBuildFile; fileRef = 983835F92C7B3E3D00983014 /* IBarista.swift */; };
		983835FC2C7B3E9000983014 /* BaristaMachine.swift in Sources */ = {isa = PBXBuildFile; fileRef = 983835FB2C7B3E9000983014 /* BaristaMachine.swift */; };
		98B45A182C7B589600C8D62A /* Coffee.m in Sources */ = {isa = PBXBuildFile; fileRef = 98B45A172C7B589600C8D62A /* Coffee.m */; };
/* End PBXBuildFile section */

/* Begin PBXCopyFilesBuildPhase section */
		983835D32C7B368800983014 /* CopyFiles */ = {
			isa = PBXCopyFilesBuildPhase;
			buildActionMask = 2147483647;
			dstPath = /usr/share/man/man1/;
			dstSubfolderSpec = 0;
			files = (
			);
			runOnlyForDeploymentPostprocessing = 1;
		};
/* End PBXCopyFilesBuildPhase section */

/* Begin PBXFileReference section */
		983835D52C7B368800983014 /* quest02 */ = {isa = PBXFileReference; explicitFileType = "compiled.mach-o.executable"; includeInIndex = 0; path = quest02; sourceTree = BUILT_PRODUCTS_DIR; };
		983835D82C7B368800983014 /* main.swift */ = {isa = PBXFileReference; lastKnownFileType = sourcecode.swift; path = main.swift; sourceTree = "<group>"; };
		983835F82C7B3DAD00983014 /* Bridging-HeaderCoffee.h */ = {isa = PBXFileReference; lastKnownFileType = sourcecode.c.h; path = "Bridging-HeaderCoffee.h"; sourceTree = "<group>"; };
		983835F92C7B3E3D00983014 /* IBarista.swift */ = {isa = PBXFileReference; lastKnownFileType = sourcecode.swift; path = IBarista.swift; sourceTree = "<group>"; };
		983835FB2C7B3E9000983014 /* BaristaMachine.swift */ = {isa = PBXFileReference; lastKnownFileType = sourcecode.swift; path = BaristaMachine.swift; sourceTree = "<group>"; };
		98B45A162C7B587B00C8D62A /* Coffee.h */ = {isa = PBXFileReference; lastKnownFileType = sourcecode.c.h; path = Coffee.h; sourceTree = "<group>"; };
		98B45A172C7B589600C8D62A /* Coffee.m */ = {isa = PBXFileReference; lastKnownFileType = sourcecode.c.objc; path = Coffee.m; sourceTree = "<group>"; };
/* End PBXFileReference section */

/* Begin PBXFrameworksBuildPhase section */
		983835D22C7B368800983014 /* Frameworks */ = {
			isa = PBXFrameworksBuildPhase;
			buildActionMask = 2147483647;
			files = (
			);
			runOnlyForDeploymentPostprocessing = 0;
		};
/* End PBXFrameworksBuildPhase section */

/* Begin PBXGroup section */
		983835CC2C7B368800983014 = {
			isa = PBXGroup;
			children = (
				983835D72C7B368800983014 /* quest02 */,
				983835D62C7B368800983014 /* Products */,
			);
			sourceTree = "<group>";
		};
		983835D62C7B368800983014 /* Products */ = {
			isa = PBXGroup;
			children = (
				983835D52C7B368800983014 /* quest02 */,
			);
			name = Products;
			sourceTree = "<group>";
		};
		983835D72C7B368800983014 /* quest02 */ = {
			isa = PBXGroup;
			children = (
				983835D82C7B368800983014 /* main.swift */,
				983835F82C7B3DAD00983014 /* Bridging-HeaderCoffee.h */,
				983835F92C7B3E3D00983014 /* IBarista.swift */,
				983835FB2C7B3E9000983014 /* BaristaMachine.swift */,
				98B45A162C7B587B00C8D62A /* Coffee.h */,
				98B45A172C7B589600C8D62A /* Coffee.m */,
			);
			path = quest02;
			sourceTree = "<group>";
		};
/* End PBXGroup section */

/* Begin PBXNativeTarget section */
		983835D42C7B368800983014 /* quest02 */ = {
			isa = PBXNativeTarget;
			buildConfigurationList = 983835DC2C7B368800983014 /* Build configuration list for PBXNativeTarget "quest02" */;
			buildPhases = (
				983835D12C7B368800983014 /* Sources */,
				983835D22C7B368800983014 /* Frameworks */,
				983835D32C7B368800983014 /* CopyFiles */,
			);
			buildRules = (
			);
			dependencies = (
			);
			name = quest02;
			productName = quest02;
			productReference = 983835D52C7B368800983014 /* quest02 */;
			productType = "com.apple.product-type.tool";
		};
/* End PBXNativeTarget section */

/* Begin PBXProject section */
		983835CD2C7B368800983014 /* Project object */ = {
			isa = PBXProject;
			attributes = {
				BuildIndependentTargetsInParallel = 1;
				LastSwiftUpdateCheck = 1540;
				LastUpgradeCheck = 1540;
				TargetAttributes = {
					983835D42C7B368800983014 = {
						CreatedOnToolsVersion = 15.4;
					};
				};
			};
			buildConfigurationList = 983835D02C7B368800983014 /* Build configuration list for PBXProject "quest02" */;
			compatibilityVersion = "Xcode 14.0";
			developmentRegion = en;
			hasScannedForEncodings = 0;
			knownRegions = (
				en,
				Base,
			);
			mainGroup = 983835CC2C7B368800983014;
			productRefGroup = 983835D62C7B368800983014 /* Products */;
			projectDirPath = "";
			projectRoot = "";
			targets = (
				983835D42C7B368800983014 /* quest02 */,
			);
		};
/* End PBXProject section */

/* Begin PBXSourcesBuildPhase section */
		983835D12C7B368800983014 /* Sources */ = {
			isa = PBXSourcesBuildPhase;
			buildActionMask = 2147483647;
			files = (
				983835FA2C7B3E3D00983014 /* IBarista.swift in Sources */,
				983835D92C7B368800983014 /* main.swift in Sources */,
				983835FC2C7B3E9000983014 /* BaristaMachine.swift in Sources */,
				98B45A182C7B589600C8D62A /* Coffee.m in Sources */,
			);
			runOnlyForDeploymentPostprocessing = 0;
		};
/* End PBXSourcesBuildPhase section */

/* Begin XCBuildConfiguration section */
		983835DA2C7B368800983014 /* Debug */ = {
			isa = XCBuildConfiguration;
			buildSettings = {
				ALWAYS_SEARCH_USER_PATHS = NO;
				ASSETCATALOG_COMPILER_GENERATE_SWIFT_ASSET_SYMBOL_EXTENSIONS = YES;
				CLANG_ANALYZER_NONNULL = YES;
				CLANG_ANALYZER_NUMBER_OBJECT_CONVERSION = YES_AGGRESSIVE;
				CLANG_CXX_LANGUAGE_STANDARD = "gnu++20";
				CLANG_ENABLE_MODULES = YES;
				CLANG_ENABLE_OBJC_ARC = YES;
				CLANG_ENABLE_OBJC_WEAK = YES;
				CLANG_WARN_BLOCK_CAPTURE_AUTORELEASING = YES;
				CLANG_WARN_BOOL_CONVERSION = YES;
				CLANG_WARN_COMMA = YES;
				CLANG_WARN_CONSTANT_CONVERSION = YES;
				CLANG_WARN_DEPRECATED_OBJC_IMPLEMENTATIONS = YES;
				CLANG_WARN_DIRECT_OBJC_ISA_USAGE = YES_ERROR;
				CLANG_WARN_DOCUMENTATION_COMMENTS = YES;
				CLANG_WARN_EMPTY_BODY = YES;
				CLANG_WARN_ENUM_CONVERSION = YES;
				CLANG_WARN_INFINITE_RECURSION = YES;
				CLANG_WARN_INT_CONVERSION = YES;
				CLANG_WARN_NON_LITERAL_NULL_CONVERSION = YES;
				CLANG_WARN_OBJC_IMPLICIT_RETAIN_SELF = YES;
				CLANG_WARN_OBJC_LITERAL_CONVERSION = YES;
				CLANG_WARN_OBJC_ROOT_CLASS = YES_ERROR;
				CLANG_WARN_QUOTED_INCLUDE_IN_FRAMEWORK_HEADER = YES;
				CLANG_WARN_RANGE_LOOP_ANALYSIS = YES;
				CLANG_WARN_STRICT_PROTOTYPES = YES;
				CLANG_WARN_SUSPICIOUS_MOVE = YES;
				CLANG_WARN_UNGUARDED_AVAILABILITY = YES_AGGRESSIVE;
				CLANG_WARN_UNREACHABLE_CODE = YES;
				CLANG_WARN__DUPLICATE_METHOD_MATCH = YES;
				COPY_PHASE_STRIP = NO;
				DEBUG_INFORMATION_FORMAT = dwarf;
				ENABLE_STRICT_OBJC_MSGSEND = YES;
				ENABLE_TESTABILITY = YES;
				ENABLE_USER_SCRIPT_SANDBOXING = YES;
				GCC_C_LANGUAGE_STANDARD = gnu17;
				GCC_DYNAMIC_NO_PIC = NO;
				GCC_NO_COMMON_BLOCKS = YES;
				GCC_OPTIMIZATION_LEVEL = 0;
				GCC_PREPROCESSOR_DEFINITIONS = (
					"DEBUG=1",
					"$(inherited)",
				);
				GCC_WARN_64_TO_32_BIT_CONVERSION = YES;
				GCC_WARN_ABOUT_RETURN_TYPE = YES_ERROR;
				GCC_WARN_UNDECLARED_SELECTOR = YES;
				GCC_WARN_UNINITIALIZED_AUTOS = YES_AGGRESSIVE;
				GCC_WARN_UNUSED_FUNCTION = YES;
				GCC_WARN_UNUSED_VARIABLE = YES;
				LOCALIZATION_PREFERS_STRING_CATALOGS = YES;
				MACOSX_DEPLOYMENT_TARGET = 14.5;
				MTL_ENABLE_DEBUG_INFO = INCLUDE_SOURCE;
				MTL_FAST_MATH = YES;
				ONLY_ACTIVE_ARCH = YES;
				SDKROOT = macosx;
				SWIFT_ACTIVE_COMPILATION_CONDITIONS = "DEBUG $(inherited)";
				SWIFT_OPTIMIZATION_LEVEL = "-Onone";
			};
			name = Debug;
		};
		983835DB2C7B368800983014 /* Release */ = {
			isa = XCBuildConfiguration;
			buildSettings = {
				ALWAYS_SEARCH_USER_PATHS = NO;
				ASSETCATALOG_COMPILER_GENERATE_SWIFT_ASSET_SYMBOL_EXTENSIONS = YES;
				CLANG_ANALYZER_NONNULL = YES;
				CLANG_ANALYZER_NUMBER_OBJECT_CONVERSION = YES_AGGRESSIVE;
				CLANG_CXX_LANGUAGE_STANDARD = "gnu++20";
				CLANG_ENABLE_MODULES = YES;
				CLANG_ENABLE_OBJC_ARC = YES;
				CLANG_ENABLE_OBJC_WEAK = YES;
				CLANG_WARN_BLOCK_CAPTURE_AUTORELEASING = YES;
				CLANG_WARN_BOOL_CONVERSION = YES;
				CLANG_WARN_COMMA = YES;
				CLANG_WARN_CONSTANT_CONVERSION = YES;
				CLANG_WARN_DEPRECATED_OBJC_IMPLEMENTATIONS = YES;
				CLANG_WARN_DIRECT_OBJC_ISA_USAGE = YES_ERROR;
				CLANG_WARN_DOCUMENTATION_COMMENTS = YES;
				CLANG_WARN_EMPTY_BODY = YES;
				CLANG_WARN_ENUM_CONVERSION = YES;
				CLANG_WARN_INFINITE_RECURSION = YES;
				CLANG_WARN_INT_CONVERSION = YES;
				CLANG_WARN_NON_LITERAL_NULL_CONVERSION = YES;
				CLANG_WARN_OBJC_IMPLICIT_RETAIN_SELF = YES;
				CLANG_WARN_OBJC_LITERAL_CONVERSION = YES;
				CLANG_WARN_OBJC_ROOT_CLASS = YES_ERROR;
				CLANG_WARN_QUOTED_INCLUDE_IN_FRAMEWORK_HEADER = YES;
				CLANG_WARN_RANGE_LOOP_ANALYSIS = YES;
				CLANG_WARN_STRICT_PROTOTYPES = YES;
				CLANG_WARN_SUSPICIOUS_MOVE = YES;
				CLANG_WARN_UNGUARDED_AVAILABILITY = YES_AGGRESSIVE;
				CLANG_WARN_UNREACHABLE_CODE = YES;
				CLANG_WARN__DUPLICATE_METHOD_MATCH = YES;
				COPY_PHASE_STRIP = NO;
				DEBUG_INFORMATION_FORMAT = "dwarf-with-dsym";
				ENABLE_NS_ASSERTIONS = NO;
				ENABLE_STRICT_OBJC_MSGSEND = YES;
				ENABLE_USER_SCRIPT_SANDBOXING = YES;
				GCC_C_LANGUAGE_STANDARD = gnu17;
				GCC_NO_COMMON_BLOCKS = YES;
				GCC_WARN_64_TO_32_BIT_CONVERSION = YES;
				GCC_WARN_ABOUT_RETURN_TYPE = YES_ERROR;
				GCC_WARN_UNDECLARED_SELECTOR = YES;
				GCC_WARN_UNINITIALIZED_AUTOS = YES_AGGRESSIVE;
				GCC_WARN_UNUSED_FUNCTION = YES;
				GCC_WARN_UNUSED_VARIABLE = YES;
				LOCALIZATION_PREFERS_STRING_CATALOGS = YES;
				MACOSX_DEPLOYMENT_TARGET = 14.5;
				MTL_ENABLE_DEBUG_INFO = NO;
				MTL_FAST_MATH = YES;
				SDKROOT = macosx;
				SWIFT_COMPILATION_MODE = wholemodule;
			};
			name = Release;
		};
		983835DD2C7B368800983014 /* Debug */ = {
			isa = XCBuildConfiguration;
			buildSettings = {
				CODE_SIGN_STYLE = Automatic;
				DEVELOPMENT_TEAM = R9V94Y33LF;
				ENABLE_HARDENED_RUNTIME = YES;
				HEADER_SEARCH_PATHS = "";
				PRODUCT_NAME = "$(TARGET_NAME)";
				SWIFT_OBJC_BRIDGING_HEADER = "/Users/sergeypatrakov/Dev/school21/Swift_bootcamp/Swift_Bootcamp.Day04-1/src/quest02/quest02/Bridging-HeaderCoffee.h";
				SWIFT_VERSION = 5.0;
			};
			name = Debug;
		};
		983835DE2C7B368800983014 /* Release */ = {
			isa = XCBuildConfiguration;
			buildSettings = {
				CODE_SIGN_STYLE = Automatic;
				DEVELOPMENT_TEAM = R9V94Y33LF;
				ENABLE_HARDENED_RUNTIME = YES;
				HEADER_SEARCH_PATHS = "";
				PRODUCT_NAME = "$(TARGET_NAME)";
				SWIFT_OBJC_BRIDGING_HEADER = "/Users/sergeypatrakov/Dev/school21/Swift_bootcamp/Swift_Bootcamp.Day04-1/src/quest02/quest02/Bridging-HeaderCoffee.h";
				SWIFT_VERSION = 5.0;
			};
			name = Release;
		};
/* End XCBuildConfiguration section */

/* Begin XCConfigurationList section */
		983835D02C7B368800983014 /* Build configuration list for PBXProject "quest02" */ = {
			isa = XCConfigurationList;
			buildConfigurations = (
				983835DA2C7B368800983014 /* Debug */,
				983835DB2C7B368800983014 /* Release */,
			);
			defaultConfigurationIsVisible = 0;
			defaultConfigurationName = Release;
		};
		983835DC2C7B368800983014 /* Build configuration list for PBXNativeTarget "quest02" */ = {
			isa = XCConfigurationList;
			buildConfigurations = (
				983835DD2C7B368800983014 /* Debug */,
				983835DE2C7B368800983014 /* Release */,
			);
			defaultConfigurationIsVisible = 0;
			defaultConfigurationName = Release;
		};
/* End XCConfigurationList section */
	};
	rootObject = 983835CD2C7B368800983014 /* Project object */;
}
