{
  "originHash" : "2174eaf93f622d57be865cd78b51b72620c12528f1f0957292620977c4d69891",
  "pins" : [
    {
      "identity" : "realm-core",
      "kind" : "remoteSourceControl",
      "location" : "https://github.com/realm/realm-core.git",
      "state" : {
        "revision" : "4d815c6e6883bfdcb67cf755d0f0f29a4b399ea7",
        "version" : "14.5.2"
      }
    },
    {
      "identity" : "realm-swift",
      "kind" : "remoteSourceControl",
      "location" : "https://github.com/realm/realm-swift",
      "state" : {
        "revision" : "a4d731076e6a52f4366d844c78369ac7c9c6b1c0",
        "version" : "10.49.2"
      }
    }
  ],
  "version" : 3
}
